// !$*UTF8*$!
{
	archiveVersion = 1;
	classes = {
	};
	objectVersion = 56;
	objects = {

/* Begin PBXBuildFile section */
		4686DC8F2A3607620033E23E /* FavoritesView.swift in Sources */ = {isa = PBXBuildFile; fileRef = 4686DC8E2A3607620033E23E /* FavoritesView.swift */; };
		4686DC912A3607720033E23E /* FavoritesViewController.swift in Sources */ = {isa = PBXBuildFile; fileRef = 4686DC902A3607720033E23E /* FavoritesViewController.swift */; };
		4686DC932A36077F0033E23E /* FavoritesInteractor.swift in Sources */ = {isa = PBXBuildFile; fileRef = 4686DC922A36077F0033E23E /* FavoritesInteractor.swift */; };
		4686DC952A36078C0033E23E /* FavoritesPresenter.swift in Sources */ = {isa = PBXBuildFile; fileRef = 4686DC942A36078C0033E23E /* FavoritesPresenter.swift */; };
		4686DC972A36079C0033E23E /* FavoritesRouter.swift in Sources */ = {isa = PBXBuildFile; fileRef = 4686DC962A36079C0033E23E /* FavoritesRouter.swift */; };
		4686DC992A3607B40033E23E /* FavoritesModuleBuilder.swift in Sources */ = {isa = PBXBuildFile; fileRef = 4686DC982A3607B40033E23E /* FavoritesModuleBuilder.swift */; };
		4686DC9B2A3864140033E23E /* TabBarController.swift in Sources */ = {isa = PBXBuildFile; fileRef = 4686DC9A2A3864140033E23E /* TabBarController.swift */; };
		4686DCA92A38C86B0033E23E /* FilmsCD.xcdatamodeld in Sources */ = {isa = PBXBuildFile; fileRef = 4686DCA72A38C86B0033E23E /* FilmsCD.xcdatamodeld */; };
		4686DCB02A38CA3A0033E23E /* FilmModelCoreData+CoreDataClass.swift in Sources */ = {isa = PBXBuildFile; fileRef = 4686DCAE2A38CA3A0033E23E /* FilmModelCoreData+CoreDataClass.swift */; };
		4686DCB12A38CA3A0033E23E /* FilmModelCoreData+CoreDataProperties.swift in Sources */ = {isa = PBXBuildFile; fileRef = 4686DCAF2A38CA3A0033E23E /* FilmModelCoreData+CoreDataProperties.swift */; };
		4686DCB52A3AE5B20033E23E /* DetailView.swift in Sources */ = {isa = PBXBuildFile; fileRef = 4686DCB42A3AE5B20033E23E /* DetailView.swift */; };
		4686DCB72A3AE5C80033E23E /* DetailViewController.swift in Sources */ = {isa = PBXBuildFile; fileRef = 4686DCB62A3AE5C80033E23E /* DetailViewController.swift */; };
		4686DCB92A3AE5DF0033E23E /* DetailInteractor.swift in Sources */ = {isa = PBXBuildFile; fileRef = 4686DCB82A3AE5DF0033E23E /* DetailInteractor.swift */; };
		4686DCBB2A3AE5EB0033E23E /* DetailPresenter.swift in Sources */ = {isa = PBXBuildFile; fileRef = 4686DCBA2A3AE5EB0033E23E /* DetailPresenter.swift */; };
		4686DCBD2A3AE6060033E23E /* DetailRouter.swift in Sources */ = {isa = PBXBuildFile; fileRef = 4686DCBC2A3AE6060033E23E /* DetailRouter.swift */; };
		4686DCBF2A3AE6150033E23E /* DetailModuleBuilder.swift in Sources */ = {isa = PBXBuildFile; fileRef = 4686DCBE2A3AE6150033E23E /* DetailModuleBuilder.swift */; };
		4686DCC12A3B29510033E23E /* FilmDetailInfoModel.swift in Sources */ = {isa = PBXBuildFile; fileRef = 4686DCC02A3B29500033E23E /* FilmDetailInfoModel.swift */; };
		4686DCD82A3D5A430033E23E /* endpointsAPI.swift in Sources */ = {isa = PBXBuildFile; fileRef = 4686DCD72A3D5A430033E23E /* endpointsAPI.swift */; };
		4686DCDA2A3D5C800033E23E /* uiFonts.swift in Sources */ = {isa = PBXBuildFile; fileRef = 4686DCD92A3D5C800033E23E /* uiFonts.swift */; };
		4686DCDC2A3D5D920033E23E /* detailViewUIConfig.swift in Sources */ = {isa = PBXBuildFile; fileRef = 4686DCDB2A3D5D920033E23E /* detailViewUIConfig.swift */; };
		4686DCDE2A3D63FB0033E23E /* favoritesViewUIConfig.swift in Sources */ = {isa = PBXBuildFile; fileRef = 4686DCDD2A3D63FB0033E23E /* favoritesViewUIConfig.swift */; };
		4686DCE02A3D646E0033E23E /* filmCellUIConfig.swift in Sources */ = {isa = PBXBuildFile; fileRef = 4686DCDF2A3D646E0033E23E /* filmCellUIConfig.swift */; };
		46C5A12F2A2B252E0091B0EA /* AppDelegate.swift in Sources */ = {isa = PBXBuildFile; fileRef = 46C5A12E2A2B252E0091B0EA /* AppDelegate.swift */; };
		46C5A1312A2B252E0091B0EA /* SceneDelegate.swift in Sources */ = {isa = PBXBuildFile; fileRef = 46C5A1302A2B252E0091B0EA /* SceneDelegate.swift */; };
		46C5A1332A2B252E0091B0EA /* SearchViewController.swift in Sources */ = {isa = PBXBuildFile; fileRef = 46C5A1322A2B252E0091B0EA /* SearchViewController.swift */; };
		46C5A1382A2B252F0091B0EA /* Assets.xcassets in Resources */ = {isa = PBXBuildFile; fileRef = 46C5A1372A2B252F0091B0EA /* Assets.xcassets */; };
		46C5A13B2A2B252F0091B0EA /* LaunchScreen.storyboard in Resources */ = {isa = PBXBuildFile; fileRef = 46C5A1392A2B252F0091B0EA /* LaunchScreen.storyboard */; };
		46C5A1562A3207770091B0EA /* SnapKit in Frameworks */ = {isa = PBXBuildFile; productRef = 46C5A1552A3207770091B0EA /* SnapKit */; };
		46C5A1592A3207C30091B0EA /* Kingfisher in Frameworks */ = {isa = PBXBuildFile; productRef = 46C5A1582A3207C30091B0EA /* Kingfisher */; };
		46C5A15D2A321C920091B0EA /* Alamofire in Frameworks */ = {isa = PBXBuildFile; productRef = 46C5A15C2A321C920091B0EA /* Alamofire */; };
		46C5A1642A33174D0091B0EA /* SearchInteractor.swift in Sources */ = {isa = PBXBuildFile; fileRef = 46C5A1632A33174D0091B0EA /* SearchInteractor.swift */; };
		46C5A1662A33176A0091B0EA /* SearchPresenter.swift in Sources */ = {isa = PBXBuildFile; fileRef = 46C5A1652A33176A0091B0EA /* SearchPresenter.swift */; };
		46C5A1682A3317870091B0EA /* SearchRouter.swift in Sources */ = {isa = PBXBuildFile; fileRef = 46C5A1672A3317870091B0EA /* SearchRouter.swift */; };
		46C5A16E2A331A9A0091B0EA /* FilmCellView.swift in Sources */ = {isa = PBXBuildFile; fileRef = 46C5A16D2A331A9A0091B0EA /* FilmCellView.swift */; };
		46C5A1712A3325FF0091B0EA /* APIManager.swift in Sources */ = {isa = PBXBuildFile; fileRef = 46C5A1702A3325FF0091B0EA /* APIManager.swift */; };
		46C5A1742A3326B40091B0EA /* FilmModel.swift in Sources */ = {isa = PBXBuildFile; fileRef = 46C5A1732A3326B40091B0EA /* FilmModel.swift */; };
		46C5A1762A3333A00091B0EA /* SearchView.swift in Sources */ = {isa = PBXBuildFile; fileRef = 46C5A1752A3333A00091B0EA /* SearchView.swift */; };
		46C5A17A2A3362370091B0EA /* DataSourceManager.swift in Sources */ = {isa = PBXBuildFile; fileRef = 46C5A1792A3362370091B0EA /* DataSourceManager.swift */; };
		46C5A17C2A336A920091B0EA /* FilmCellModel.swift in Sources */ = {isa = PBXBuildFile; fileRef = 46C5A17B2A336A920091B0EA /* FilmCellModel.swift */; };
		46C5A1802A33887E0091B0EA /* FilmSearchModel.swift in Sources */ = {isa = PBXBuildFile; fileRef = 46C5A17F2A33887E0091B0EA /* FilmSearchModel.swift */; };
		46C5A1822A33929A0091B0EA /* SearchModuleBuilder.swift in Sources */ = {isa = PBXBuildFile; fileRef = 46C5A1812A33929A0091B0EA /* SearchModuleBuilder.swift */; };
/* End PBXBuildFile section */

/* Begin PBXFileReference section */
		4686DC8E2A3607620033E23E /* FavoritesView.swift */ = {isa = PBXFileReference; lastKnownFileType = sourcecode.swift; path = FavoritesView.swift; sourceTree = "<group>"; };
		4686DC902A3607720033E23E /* FavoritesViewController.swift */ = {isa = PBXFileReference; lastKnownFileType = sourcecode.swift; path = FavoritesViewController.swift; sourceTree = "<group>"; };
		4686DC922A36077F0033E23E /* FavoritesInteractor.swift */ = {isa = PBXFileReference; lastKnownFileType = sourcecode.swift; path = FavoritesInteractor.swift; sourceTree = "<group>"; };
		4686DC942A36078C0033E23E /* FavoritesPresenter.swift */ = {isa = PBXFileReference; lastKnownFileType = sourcecode.swift; path = FavoritesPresenter.swift; sourceTree = "<group>"; };
		4686DC962A36079C0033E23E /* FavoritesRouter.swift */ = {isa = PBXFileReference; lastKnownFileType = sourcecode.swift; path = FavoritesRouter.swift; sourceTree = "<group>"; };
		4686DC982A3607B40033E23E /* FavoritesModuleBuilder.swift */ = {isa = PBXFileReference; lastKnownFileType = sourcecode.swift; path = FavoritesModuleBuilder.swift; sourceTree = "<group>"; };
		4686DC9A2A3864140033E23E /* TabBarController.swift */ = {isa = PBXFileReference; lastKnownFileType = sourcecode.swift; path = TabBarController.swift; sourceTree = "<group>"; };
		4686DCA82A38C86B0033E23E /* FilmsCD.xcdatamodel */ = {isa = PBXFileReference; lastKnownFileType = wrapper.xcdatamodel; path = FilmsCD.xcdatamodel; sourceTree = "<group>"; };
		4686DCAE2A38CA3A0033E23E /* FilmModelCoreData+CoreDataClass.swift */ = {isa = PBXFileReference; lastKnownFileType = sourcecode.swift; path = "FilmModelCoreData+CoreDataClass.swift"; sourceTree = "<group>"; };
		4686DCAF2A38CA3A0033E23E /* FilmModelCoreData+CoreDataProperties.swift */ = {isa = PBXFileReference; lastKnownFileType = sourcecode.swift; path = "FilmModelCoreData+CoreDataProperties.swift"; sourceTree = "<group>"; };
		4686DCB42A3AE5B20033E23E /* DetailView.swift */ = {isa = PBXFileReference; lastKnownFileType = sourcecode.swift; path = DetailView.swift; sourceTree = "<group>"; };
		4686DCB62A3AE5C80033E23E /* DetailViewController.swift */ = {isa = PBXFileReference; lastKnownFileType = sourcecode.swift; path = DetailViewController.swift; sourceTree = "<group>"; };
		4686DCB82A3AE5DF0033E23E /* DetailInteractor.swift */ = {isa = PBXFileReference; lastKnownFileType = sourcecode.swift; path = DetailInteractor.swift; sourceTree = "<group>"; };
		4686DCBA2A3AE5EB0033E23E /* DetailPresenter.swift */ = {isa = PBXFileReference; lastKnownFileType = sourcecode.swift; path = DetailPresenter.swift; sourceTree = "<group>"; };
		4686DCBC2A3AE6060033E23E /* DetailRouter.swift */ = {isa = PBXFileReference; lastKnownFileType = sourcecode.swift; path = DetailRouter.swift; sourceTree = "<group>"; };
		4686DCBE2A3AE6150033E23E /* DetailModuleBuilder.swift */ = {isa = PBXFileReference; lastKnownFileType = sourcecode.swift; path = DetailModuleBuilder.swift; sourceTree = "<group>"; };
		4686DCC02A3B29500033E23E /* FilmDetailInfoModel.swift */ = {isa = PBXFileReference; lastKnownFileType = sourcecode.swift; path = FilmDetailInfoModel.swift; sourceTree = "<group>"; };
		4686DCD72A3D5A430033E23E /* endpointsAPI.swift */ = {isa = PBXFileReference; lastKnownFileType = sourcecode.swift; path = endpointsAPI.swift; sourceTree = "<group>"; };
		4686DCD92A3D5C800033E23E /* uiFonts.swift */ = {isa = PBXFileReference; lastKnownFileType = sourcecode.swift; path = uiFonts.swift; sourceTree = "<group>"; };
		4686DCDB2A3D5D920033E23E /* detailViewUIConfig.swift */ = {isa = PBXFileReference; lastKnownFileType = sourcecode.swift; path = detailViewUIConfig.swift; sourceTree = "<group>"; };
		4686DCDD2A3D63FB0033E23E /* favoritesViewUIConfig.swift */ = {isa = PBXFileReference; lastKnownFileType = sourcecode.swift; path = favoritesViewUIConfig.swift; sourceTree = "<group>"; };
		4686DCDF2A3D646E0033E23E /* filmCellUIConfig.swift */ = {isa = PBXFileReference; lastKnownFileType = sourcecode.swift; path = filmCellUIConfig.swift; sourceTree = "<group>"; };
		4686DCE12A3D97A50033E23E /* Config.xcconfig */ = {isa = PBXFileReference; lastKnownFileType = text.xcconfig; path = Config.xcconfig; sourceTree = "<group>"; };
		46C5A12B2A2B252E0091B0EA /* WatchLater.app */ = {isa = PBXFileReference; explicitFileType = wrapper.application; includeInIndex = 0; path = WatchLater.app; sourceTree = BUILT_PRODUCTS_DIR; };
		46C5A12E2A2B252E0091B0EA /* AppDelegate.swift */ = {isa = PBXFileReference; lastKnownFileType = sourcecode.swift; path = AppDelegate.swift; sourceTree = "<group>"; };
		46C5A1302A2B252E0091B0EA /* SceneDelegate.swift */ = {isa = PBXFileReference; lastKnownFileType = sourcecode.swift; path = SceneDelegate.swift; sourceTree = "<group>"; };
		46C5A1322A2B252E0091B0EA /* SearchViewController.swift */ = {isa = PBXFileReference; lastKnownFileType = sourcecode.swift; path = SearchViewController.swift; sourceTree = "<group>"; };
		46C5A1372A2B252F0091B0EA /* Assets.xcassets */ = {isa = PBXFileReference; lastKnownFileType = folder.assetcatalog; path = Assets.xcassets; sourceTree = "<group>"; };
		46C5A13A2A2B252F0091B0EA /* Base */ = {isa = PBXFileReference; lastKnownFileType = file.storyboard; name = Base; path = Base.lproj/LaunchScreen.storyboard; sourceTree = "<group>"; };
		46C5A13C2A2B252F0091B0EA /* Info.plist */ = {isa = PBXFileReference; lastKnownFileType = text.plist.xml; path = Info.plist; sourceTree = "<group>"; };
		46C5A1632A33174D0091B0EA /* SearchInteractor.swift */ = {isa = PBXFileReference; lastKnownFileType = sourcecode.swift; path = SearchInteractor.swift; sourceTree = "<group>"; };
		46C5A1652A33176A0091B0EA /* SearchPresenter.swift */ = {isa = PBXFileReference; lastKnownFileType = sourcecode.swift; path = SearchPresenter.swift; sourceTree = "<group>"; };
		46C5A1672A3317870091B0EA /* SearchRouter.swift */ = {isa = PBXFileReference; lastKnownFileType = sourcecode.swift; path = SearchRouter.swift; sourceTree = "<group>"; };
		46C5A16D2A331A9A0091B0EA /* FilmCellView.swift */ = {isa = PBXFileReference; lastKnownFileType = sourcecode.swift; path = FilmCellView.swift; sourceTree = "<group>"; };
		46C5A1702A3325FF0091B0EA /* APIManager.swift */ = {isa = PBXFileReference; lastKnownFileType = sourcecode.swift; path = APIManager.swift; sourceTree = "<group>"; };
		46C5A1732A3326B40091B0EA /* FilmModel.swift */ = {isa = PBXFileReference; lastKnownFileType = sourcecode.swift; path = FilmModel.swift; sourceTree = "<group>"; };
		46C5A1752A3333A00091B0EA /* SearchView.swift */ = {isa = PBXFileReference; lastKnownFileType = sourcecode.swift; path = SearchView.swift; sourceTree = "<group>"; };
		46C5A1792A3362370091B0EA /* DataSourceManager.swift */ = {isa = PBXFileReference; lastKnownFileType = sourcecode.swift; path = DataSourceManager.swift; sourceTree = "<group>"; };
		46C5A17B2A336A920091B0EA /* FilmCellModel.swift */ = {isa = PBXFileReference; lastKnownFileType = sourcecode.swift; path = FilmCellModel.swift; sourceTree = "<group>"; };
		46C5A17F2A33887E0091B0EA /* FilmSearchModel.swift */ = {isa = PBXFileReference; lastKnownFileType = sourcecode.swift; path = FilmSearchModel.swift; sourceTree = "<group>"; };
		46C5A1812A33929A0091B0EA /* SearchModuleBuilder.swift */ = {isa = PBXFileReference; lastKnownFileType = sourcecode.swift; path = SearchModuleBuilder.swift; sourceTree = "<group>"; };
/* End PBXFileReference section */

/* Begin PBXFrameworksBuildPhase section */
		46C5A1282A2B252E0091B0EA /* Frameworks */ = {
			isa = PBXFrameworksBuildPhase;
			buildActionMask = 2147483647;
			files = (
				46C5A15D2A321C920091B0EA /* Alamofire in Frameworks */,
				46C5A1592A3207C30091B0EA /* Kingfisher in Frameworks */,
				46C5A1562A3207770091B0EA /* SnapKit in Frameworks */,
			);
			runOnlyForDeploymentPostprocessing = 0;
		};
/* End PBXFrameworksBuildPhase section */

/* Begin PBXGroup section */
		4686DC8A2A35D3A60033E23E /* TabBarController */ = {
			isa = PBXGroup;
			children = (
				4686DC9A2A3864140033E23E /* TabBarController.swift */,
			);
			path = TabBarController;
			sourceTree = "<group>";
		};
		4686DC8B2A3606E50033E23E /* FavoritesModule */ = {
			isa = PBXGroup;
			children = (
				4686DC8E2A3607620033E23E /* FavoritesView.swift */,
				4686DC902A3607720033E23E /* FavoritesViewController.swift */,
				4686DC922A36077F0033E23E /* FavoritesInteractor.swift */,
				4686DC942A36078C0033E23E /* FavoritesPresenter.swift */,
				4686DC962A36079C0033E23E /* FavoritesRouter.swift */,
				4686DC982A3607B40033E23E /* FavoritesModuleBuilder.swift */,
			);
			path = FavoritesModule;
			sourceTree = "<group>";
		};
		4686DCB32A3AE56E0033E23E /* DetailInfoModule */ = {
			isa = PBXGroup;
			children = (
				4686DCB42A3AE5B20033E23E /* DetailView.swift */,
				4686DCB62A3AE5C80033E23E /* DetailViewController.swift */,
				4686DCB82A3AE5DF0033E23E /* DetailInteractor.swift */,
				4686DCBA2A3AE5EB0033E23E /* DetailPresenter.swift */,
				4686DCBC2A3AE6060033E23E /* DetailRouter.swift */,
				4686DCBE2A3AE6150033E23E /* DetailModuleBuilder.swift */,
			);
			path = DetailInfoModule;
			sourceTree = "<group>";
		};
		46C5A1222A2B252E0091B0EA = {
			isa = PBXGroup;
			children = (
				46C5A12D2A2B252E0091B0EA /* WatchLater */,
				46C5A12C2A2B252E0091B0EA /* Products */,
			);
			sourceTree = "<group>";
		};
		46C5A12C2A2B252E0091B0EA /* Products */ = {
			isa = PBXGroup;
			children = (
				46C5A12B2A2B252E0091B0EA /* WatchLater.app */,
			);
			name = Products;
			sourceTree = "<group>";
		};
		46C5A12D2A2B252E0091B0EA /* WatchLater */ = {
			isa = PBXGroup;
			children = (
				46C5A1622A3316D10091B0EA /* Application */,
				46C5A1602A3316430091B0EA /* Resources */,
				46C5A1832A34A1B10091B0EA /* UIConfigs */,
				46C5A16F2A3325C30091B0EA /* DataSource */,
				46C5A1782A3361FF0091B0EA /* Network */,
				4686DC8A2A35D3A60033E23E /* TabBarController */,
				46C5A1722A3326A40091B0EA /* Entities */,
				4686DCB32A3AE56E0033E23E /* DetailInfoModule */,
				4686DC8B2A3606E50033E23E /* FavoritesModule */,
				46C5A1612A33165F0091B0EA /* SearchModule */,
				4686DCE12A3D97A50033E23E /* Config.xcconfig */,
			);
			path = WatchLater;
			sourceTree = "<group>";
		};
		46C5A1602A3316430091B0EA /* Resources */ = {
			isa = PBXGroup;
			children = (
				46C5A1372A2B252F0091B0EA /* Assets.xcassets */,
				46C5A1392A2B252F0091B0EA /* LaunchScreen.storyboard */,
				46C5A13C2A2B252F0091B0EA /* Info.plist */,
			);
			path = Resources;
			sourceTree = "<group>";
		};
		46C5A1612A33165F0091B0EA /* SearchModule */ = {
			isa = PBXGroup;
			children = (
				46C5A16D2A331A9A0091B0EA /* FilmCellView.swift */,
				46C5A1752A3333A00091B0EA /* SearchView.swift */,
				46C5A1322A2B252E0091B0EA /* SearchViewController.swift */,
				46C5A1632A33174D0091B0EA /* SearchInteractor.swift */,
				46C5A1652A33176A0091B0EA /* SearchPresenter.swift */,
				46C5A1672A3317870091B0EA /* SearchRouter.swift */,
				46C5A1812A33929A0091B0EA /* SearchModuleBuilder.swift */,
			);
			path = SearchModule;
			sourceTree = "<group>";
		};
		46C5A1622A3316D10091B0EA /* Application */ = {
			isa = PBXGroup;
			children = (
				46C5A12E2A2B252E0091B0EA /* AppDelegate.swift */,
				46C5A1302A2B252E0091B0EA /* SceneDelegate.swift */,
			);
			path = Application;
			sourceTree = "<group>";
		};
		46C5A16F2A3325C30091B0EA /* DataSource */ = {
			isa = PBXGroup;
			children = (
				46C5A1792A3362370091B0EA /* DataSourceManager.swift */,
				4686DCAE2A38CA3A0033E23E /* FilmModelCoreData+CoreDataClass.swift */,
				4686DCAF2A38CA3A0033E23E /* FilmModelCoreData+CoreDataProperties.swift */,
				4686DCA72A38C86B0033E23E /* FilmsCD.xcdatamodeld */,
			);
			path = DataSource;
			sourceTree = "<group>";
		};
		46C5A1722A3326A40091B0EA /* Entities */ = {
			isa = PBXGroup;
			children = (
				46C5A1732A3326B40091B0EA /* FilmModel.swift */,
				46C5A17F2A33887E0091B0EA /* FilmSearchModel.swift */,
				46C5A17B2A336A920091B0EA /* FilmCellModel.swift */,
				4686DCC02A3B29500033E23E /* FilmDetailInfoModel.swift */,
			);
			path = Entities;
			sourceTree = "<group>";
		};
		46C5A1782A3361FF0091B0EA /* Network */ = {
			isa = PBXGroup;
			children = (
				46C5A1702A3325FF0091B0EA /* APIManager.swift */,
				4686DCD72A3D5A430033E23E /* endpointsAPI.swift */,
			);
			path = Network;
			sourceTree = "<group>";
		};
		46C5A1832A34A1B10091B0EA /* UIConfigs */ = {
			isa = PBXGroup;
			children = (
				4686DCD92A3D5C800033E23E /* uiFonts.swift */,
				4686DCDB2A3D5D920033E23E /* detailViewUIConfig.swift */,
				4686DCDD2A3D63FB0033E23E /* favoritesViewUIConfig.swift */,
				4686DCDF2A3D646E0033E23E /* filmCellUIConfig.swift */,
			);
			path = UIConfigs;
			sourceTree = "<group>";
		};
/* End PBXGroup section */

/* Begin PBXNativeTarget section */
		46C5A12A2A2B252E0091B0EA /* WatchLater */ = {
			isa = PBXNativeTarget;
			buildConfigurationList = 46C5A13F2A2B252F0091B0EA /* Build configuration list for PBXNativeTarget "WatchLater" */;
			buildPhases = (
				46C5A1272A2B252E0091B0EA /* Sources */,
				46C5A1282A2B252E0091B0EA /* Frameworks */,
				46C5A1292A2B252E0091B0EA /* Resources */,
			);
			buildRules = (
			);
			dependencies = (
			);
			name = WatchLater;
			packageProductDependencies = (
				46C5A1552A3207770091B0EA /* SnapKit */,
				46C5A1582A3207C30091B0EA /* Kingfisher */,
				46C5A15C2A321C920091B0EA /* Alamofire */,
			);
			productName = WatchLater;
			productReference = 46C5A12B2A2B252E0091B0EA /* WatchLater.app */;
			productType = "com.apple.product-type.application";
		};
/* End PBXNativeTarget section */

/* Begin PBXProject section */
		46C5A1232A2B252E0091B0EA /* Project object */ = {
			isa = PBXProject;
			attributes = {
				BuildIndependentTargetsInParallel = 1;
				LastSwiftUpdateCheck = 1420;
				LastUpgradeCheck = 1420;
				TargetAttributes = {
					46C5A12A2A2B252E0091B0EA = {
						CreatedOnToolsVersion = 14.2;
					};
				};
			};
			buildConfigurationList = 46C5A1262A2B252E0091B0EA /* Build configuration list for PBXProject "WatchLater" */;
			compatibilityVersion = "Xcode 14.0";
			developmentRegion = en;
			hasScannedForEncodings = 0;
			knownRegions = (
				en,
				Base,
			);
			mainGroup = 46C5A1222A2B252E0091B0EA;
			packageReferences = (
				46C5A1542A3207770091B0EA /* XCRemoteSwiftPackageReference "SnapKit" */,
				46C5A1572A3207C30091B0EA /* XCRemoteSwiftPackageReference "Kingfisher" */,
				46C5A15B2A321C920091B0EA /* XCRemoteSwiftPackageReference "Alamofire" */,
			);
			productRefGroup = 46C5A12C2A2B252E0091B0EA /* Products */;
			projectDirPath = "";
			projectRoot = "";
			targets = (
				46C5A12A2A2B252E0091B0EA /* WatchLater */,
			);
		};
/* End PBXProject section */

/* Begin PBXResourcesBuildPhase section */
		46C5A1292A2B252E0091B0EA /* Resources */ = {
			isa = PBXResourcesBuildPhase;
			buildActionMask = 2147483647;
			files = (
				46C5A13B2A2B252F0091B0EA /* LaunchScreen.storyboard in Resources */,
				46C5A1382A2B252F0091B0EA /* Assets.xcassets in Resources */,
			);
			runOnlyForDeploymentPostprocessing = 0;
		};
/* End PBXResourcesBuildPhase section */

/* Begin PBXSourcesBuildPhase section */
		46C5A1272A2B252E0091B0EA /* Sources */ = {
			isa = PBXSourcesBuildPhase;
			buildActionMask = 2147483647;
			files = (
				4686DC972A36079C0033E23E /* FavoritesRouter.swift in Sources */,
				46C5A16E2A331A9A0091B0EA /* FilmCellView.swift in Sources */,
				4686DCD82A3D5A430033E23E /* endpointsAPI.swift in Sources */,
				4686DCA92A38C86B0033E23E /* FilmsCD.xcdatamodeld in Sources */,
				46C5A1682A3317870091B0EA /* SearchRouter.swift in Sources */,
				4686DCC12A3B29510033E23E /* FilmDetailInfoModel.swift in Sources */,
				4686DC952A36078C0033E23E /* FavoritesPresenter.swift in Sources */,
				46C5A1712A3325FF0091B0EA /* APIManager.swift in Sources */,
				4686DCB92A3AE5DF0033E23E /* DetailInteractor.swift in Sources */,
				46C5A1822A33929A0091B0EA /* SearchModuleBuilder.swift in Sources */,
				4686DCB72A3AE5C80033E23E /* DetailViewController.swift in Sources */,
				46C5A1332A2B252E0091B0EA /* SearchViewController.swift in Sources */,
				4686DCB52A3AE5B20033E23E /* DetailView.swift in Sources */,
				4686DCDA2A3D5C800033E23E /* uiFonts.swift in Sources */,
				4686DCBB2A3AE5EB0033E23E /* DetailPresenter.swift in Sources */,
				46C5A12F2A2B252E0091B0EA /* AppDelegate.swift in Sources */,
				46C5A1662A33176A0091B0EA /* SearchPresenter.swift in Sources */,
				4686DCB12A38CA3A0033E23E /* FilmModelCoreData+CoreDataProperties.swift in Sources */,
				4686DC912A3607720033E23E /* FavoritesViewController.swift in Sources */,
				46C5A1742A3326B40091B0EA /* FilmModel.swift in Sources */,
				46C5A17A2A3362370091B0EA /* DataSourceManager.swift in Sources */,
				4686DC9B2A3864140033E23E /* TabBarController.swift in Sources */,
				46C5A1642A33174D0091B0EA /* SearchInteractor.swift in Sources */,
				4686DCB02A38CA3A0033E23E /* FilmModelCoreData+CoreDataClass.swift in Sources */,
				4686DC932A36077F0033E23E /* FavoritesInteractor.swift in Sources */,
				4686DCE02A3D646E0033E23E /* filmCellUIConfig.swift in Sources */,
				46C5A1312A2B252E0091B0EA /* SceneDelegate.swift in Sources */,
				4686DC992A3607B40033E23E /* FavoritesModuleBuilder.swift in Sources */,
				4686DC8F2A3607620033E23E /* FavoritesView.swift in Sources */,
				4686DCBF2A3AE6150033E23E /* DetailModuleBuilder.swift in Sources */,
				46C5A1802A33887E0091B0EA /* FilmSearchModel.swift in Sources */,
				4686DCDE2A3D63FB0033E23E /* favoritesViewUIConfig.swift in Sources */,
				4686DCDC2A3D5D920033E23E /* detailViewUIConfig.swift in Sources */,
				46C5A17C2A336A920091B0EA /* FilmCellModel.swift in Sources */,
				46C5A1762A3333A00091B0EA /* SearchView.swift in Sources */,
				4686DCBD2A3AE6060033E23E /* DetailRouter.swift in Sources */,
			);
			runOnlyForDeploymentPostprocessing = 0;
		};
/* End PBXSourcesBuildPhase section */

/* Begin PBXVariantGroup section */
		46C5A1392A2B252F0091B0EA /* LaunchScreen.storyboard */ = {
			isa = PBXVariantGroup;
			children = (
				46C5A13A2A2B252F0091B0EA /* Base */,
			);
			name = LaunchScreen.storyboard;
			sourceTree = "<group>";
		};
/* End PBXVariantGroup section */

/* Begin XCBuildConfiguration section */
		46C5A13D2A2B252F0091B0EA /* Debug */ = {
			isa = XCBuildConfiguration;
			baseConfigurationReference = 4686DCE12A3D97A50033E23E /* Config.xcconfig */;
			buildSettings = {
				ALWAYS_SEARCH_USER_PATHS = NO;
				CLANG_ANALYZER_NONNULL = YES;
				CLANG_ANALYZER_NUMBER_OBJECT_CONVERSION = YES_AGGRESSIVE;
				CLANG_CXX_LANGUAGE_STANDARD = "gnu++20";
				CLANG_ENABLE_MODULES = YES;
				CLANG_ENABLE_OBJC_ARC = YES;
				CLANG_ENABLE_OBJC_WEAK = YES;
				CLANG_WARN_BLOCK_CAPTURE_AUTORELEASING = YES;
				CLANG_WARN_BOOL_CONVERSION = YES;
				CLANG_WARN_COMMA = YES;
				CLANG_WARN_CONSTANT_CONVERSION = YES;
				CLANG_WARN_DEPRECATED_OBJC_IMPLEMENTATIONS = YES;
				CLANG_WARN_DIRECT_OBJC_ISA_USAGE = YES_ERROR;
				CLANG_WARN_DOCUMENTATION_COMMENTS = YES;
				CLANG_WARN_EMPTY_BODY = YES;
				CLANG_WARN_ENUM_CONVERSION = YES;
				CLANG_WARN_INFINITE_RECURSION = YES;
				CLANG_WARN_INT_CONVERSION = YES;
				CLANG_WARN_NON_LITERAL_NULL_CONVERSION = YES;
				CLANG_WARN_OBJC_IMPLICIT_RETAIN_SELF = YES;
				CLANG_WARN_OBJC_LITERAL_CONVERSION = YES;
				CLANG_WARN_OBJC_ROOT_CLASS = YES_ERROR;
				CLANG_WARN_QUOTED_INCLUDE_IN_FRAMEWORK_HEADER = YES;
				CLANG_WARN_RANGE_LOOP_ANALYSIS = YES;
				CLANG_WARN_STRICT_PROTOTYPES = YES;
				CLANG_WARN_SUSPICIOUS_MOVE = YES;
				CLANG_WARN_UNGUARDED_AVAILABILITY = YES_AGGRESSIVE;
				CLANG_WARN_UNREACHABLE_CODE = YES;
				CLANG_WARN__DUPLICATE_METHOD_MATCH = YES;
				COPY_PHASE_STRIP = NO;
				DEBUG_INFORMATION_FORMAT = dwarf;
				ENABLE_STRICT_OBJC_MSGSEND = YES;
				ENABLE_TESTABILITY = YES;
				GCC_C_LANGUAGE_STANDARD = gnu11;
				GCC_DYNAMIC_NO_PIC = NO;
				GCC_NO_COMMON_BLOCKS = YES;
				GCC_OPTIMIZATION_LEVEL = 0;
				GCC_PREPROCESSOR_DEFINITIONS = (
					"DEBUG=1",
					"$(inherited)",
				);
				GCC_WARN_64_TO_32_BIT_CONVERSION = YES;
				GCC_WARN_ABOUT_RETURN_TYPE = YES_ERROR;
				GCC_WARN_UNDECLARED_SELECTOR = YES;
				GCC_WARN_UNINITIALIZED_AUTOS = YES_AGGRESSIVE;
				GCC_WARN_UNUSED_FUNCTION = YES;
				GCC_WARN_UNUSED_VARIABLE = YES;
				IPHONEOS_DEPLOYMENT_TARGET = 16.2;
				MTL_ENABLE_DEBUG_INFO = INCLUDE_SOURCE;
				MTL_FAST_MATH = YES;
				ONLY_ACTIVE_ARCH = YES;
				SDKROOT = iphoneos;
				SWIFT_ACTIVE_COMPILATION_CONDITIONS = DEBUG;
				SWIFT_OPTIMIZATION_LEVEL = "-Onone";
			};
			name = Debug;
		};
		46C5A13E2A2B252F0091B0EA /* Release */ = {
			isa = XCBuildConfiguration;
			baseConfigurationReference = 4686DCE12A3D97A50033E23E /* Config.xcconfig */;
			buildSettings = {
				ALWAYS_SEARCH_USER_PATHS = NO;
				CLANG_ANALYZER_NONNULL = YES;
				CLANG_ANALYZER_NUMBER_OBJECT_CONVERSION = YES_AGGRESSIVE;
				CLANG_CXX_LANGUAGE_STANDARD = "gnu++20";
				CLANG_ENABLE_MODULES = YES;
				CLANG_ENABLE_OBJC_ARC = YES;
				CLANG_ENABLE_OBJC_WEAK = YES;
				CLANG_WARN_BLOCK_CAPTURE_AUTORELEASING = YES;
				CLANG_WARN_BOOL_CONVERSION = YES;
				CLANG_WARN_COMMA = YES;
				CLANG_WARN_CONSTANT_CONVERSION = YES;
				CLANG_WARN_DEPRECATED_OBJC_IMPLEMENTATIONS = YES;
				CLANG_WARN_DIRECT_OBJC_ISA_USAGE = YES_ERROR;
				CLANG_WARN_DOCUMENTATION_COMMENTS = YES;
				CLANG_WARN_EMPTY_BODY = YES;
				CLANG_WARN_ENUM_CONVERSION = YES;
				CLANG_WARN_INFINITE_RECURSION = YES;
				CLANG_WARN_INT_CONVERSION = YES;
				CLANG_WARN_NON_LITERAL_NULL_CONVERSION = YES;
				CLANG_WARN_OBJC_IMPLICIT_RETAIN_SELF = YES;
				CLANG_WARN_OBJC_LITERAL_CONVERSION = YES;
				CLANG_WARN_OBJC_ROOT_CLASS = YES_ERROR;
				CLANG_WARN_QUOTED_INCLUDE_IN_FRAMEWORK_HEADER = YES;
				CLANG_WARN_RANGE_LOOP_ANALYSIS = YES;
				CLANG_WARN_STRICT_PROTOTYPES = YES;
				CLANG_WARN_SUSPICIOUS_MOVE = YES;
				CLANG_WARN_UNGUARDED_AVAILABILITY = YES_AGGRESSIVE;
				CLANG_WARN_UNREACHABLE_CODE = YES;
				CLANG_WARN__DUPLICATE_METHOD_MATCH = YES;
				COPY_PHASE_STRIP = NO;
				DEBUG_INFORMATION_FORMAT = "dwarf-with-dsym";
				ENABLE_NS_ASSERTIONS = NO;
				ENABLE_STRICT_OBJC_MSGSEND = YES;
				GCC_C_LANGUAGE_STANDARD = gnu11;
				GCC_NO_COMMON_BLOCKS = YES;
				GCC_WARN_64_TO_32_BIT_CONVERSION = YES;
				GCC_WARN_ABOUT_RETURN_TYPE = YES_ERROR;
				GCC_WARN_UNDECLARED_SELECTOR = YES;
				GCC_WARN_UNINITIALIZED_AUTOS = YES_AGGRESSIVE;
				GCC_WARN_UNUSED_FUNCTION = YES;
				GCC_WARN_UNUSED_VARIABLE = YES;
				IPHONEOS_DEPLOYMENT_TARGET = 16.2;
				MTL_ENABLE_DEBUG_INFO = NO;
				MTL_FAST_MATH = YES;
				SDKROOT = iphoneos;
				SWIFT_COMPILATION_MODE = wholemodule;
				SWIFT_OPTIMIZATION_LEVEL = "-O";
				VALIDATE_PRODUCT = YES;
			};
			name = Release;
		};
		46C5A1402A2B252F0091B0EA /* Debug */ = {
			isa = XCBuildConfiguration;
			baseConfigurationReference = 4686DCE12A3D97A50033E23E /* Config.xcconfig */;
			buildSettings = {
				ASSETCATALOG_COMPILER_APPICON_NAME = AppIcon;
				ASSETCATALOG_COMPILER_GLOBAL_ACCENT_COLOR_NAME = AccentColor;
				CODE_SIGN_STYLE = Automatic;
				CURRENT_PROJECT_VERSION = 1;
				DEVELOPMENT_TEAM = NA59CFFXCT;
				GENERATE_INFOPLIST_FILE = YES;
				INFOPLIST_FILE = WatchLater/Resources/Info.plist;
				INFOPLIST_KEY_UIApplicationSupportsIndirectInputEvents = YES;
				INFOPLIST_KEY_UILaunchStoryboardName = LaunchScreen;
				INFOPLIST_KEY_UISupportedInterfaceOrientations_iPad = "UIInterfaceOrientationPortrait UIInterfaceOrientationPortraitUpsideDown UIInterfaceOrientationLandscapeLeft UIInterfaceOrientationLandscapeRight";
				INFOPLIST_KEY_UISupportedInterfaceOrientations_iPhone = "UIInterfaceOrientationPortrait UIInterfaceOrientationLandscapeLeft UIInterfaceOrientationLandscapeRight";
				LD_RUNPATH_SEARCH_PATHS = (
					"$(inherited)",
					"@executable_path/Frameworks",
				);
				MARKETING_VERSION = 1.0;
				PRODUCT_BUNDLE_IDENTIFIER = haydar.WatchLater;
				PRODUCT_NAME = "$(TARGET_NAME)";
				SWIFT_EMIT_LOC_STRINGS = YES;
				SWIFT_VERSION = 5.0;
				TARGETED_DEVICE_FAMILY = "1,2";
			};
			name = Debug;
		};
		46C5A1412A2B252F0091B0EA /* Release */ = {
			isa = XCBuildConfiguration;
			baseConfigurationReference = 4686DCE12A3D97A50033E23E /* Config.xcconfig */;
			buildSettings = {
				ASSETCATALOG_COMPILER_APPICON_NAME = AppIcon;
				ASSETCATALOG_COMPILER_GLOBAL_ACCENT_COLOR_NAME = AccentColor;
				CODE_SIGN_STYLE = Automatic;
				CURRENT_PROJECT_VERSION = 1;
				DEVELOPMENT_TEAM = NA59CFFXCT;
				GENERATE_INFOPLIST_FILE = YES;
				INFOPLIST_FILE = WatchLater/Resources/Info.plist;
				INFOPLIST_KEY_UIApplicationSupportsIndirectInputEvents = YES;
				INFOPLIST_KEY_UILaunchStoryboardName = LaunchScreen;
				INFOPLIST_KEY_UISupportedInterfaceOrientations_iPad = "UIInterfaceOrientationPortrait UIInterfaceOrientationPortraitUpsideDown UIInterfaceOrientationLandscapeLeft UIInterfaceOrientationLandscapeRight";
				INFOPLIST_KEY_UISupportedInterfaceOrientations_iPhone = "UIInterfaceOrientationPortrait UIInterfaceOrientationLandscapeLeft UIInterfaceOrientationLandscapeRight";
				LD_RUNPATH_SEARCH_PATHS = (
					"$(inherited)",
					"@executable_path/Frameworks",
				);
				MARKETING_VERSION = 1.0;
				PRODUCT_BUNDLE_IDENTIFIER = haydar.WatchLater;
				PRODUCT_NAME = "$(TARGET_NAME)";
				SWIFT_EMIT_LOC_STRINGS = YES;
				SWIFT_VERSION = 5.0;
				TARGETED_DEVICE_FAMILY = "1,2";
			};
			name = Release;
		};
/* End XCBuildConfiguration section */

/* Begin XCConfigurationList section */
		46C5A1262A2B252E0091B0EA /* Build configuration list for PBXProject "WatchLater" */ = {
			isa = XCConfigurationList;
			buildConfigurations = (
				46C5A13D2A2B252F0091B0EA /* Debug */,
				46C5A13E2A2B252F0091B0EA /* Release */,
			);
			defaultConfigurationIsVisible = 0;
			defaultConfigurationName = Release;
		};
		46C5A13F2A2B252F0091B0EA /* Build configuration list for PBXNativeTarget "WatchLater" */ = {
			isa = XCConfigurationList;
			buildConfigurations = (
				46C5A1402A2B252F0091B0EA /* Debug */,
				46C5A1412A2B252F0091B0EA /* Release */,
			);
			defaultConfigurationIsVisible = 0;
			defaultConfigurationName = Release;
		};
/* End XCConfigurationList section */

/* Begin XCRemoteSwiftPackageReference section */
		46C5A1542A3207770091B0EA /* XCRemoteSwiftPackageReference "SnapKit" */ = {
			isa = XCRemoteSwiftPackageReference;
			repositoryURL = "https://github.com/SnapKit/SnapKit.git";
			requirement = {
				branch = develop;
				kind = branch;
			};
		};
		46C5A1572A3207C30091B0EA /* XCRemoteSwiftPackageReference "Kingfisher" */ = {
			isa = XCRemoteSwiftPackageReference;
			repositoryURL = "https://github.com/onevcat/Kingfisher.git";
			requirement = {
				kind = upToNextMajorVersion;
				minimumVersion = 7.0.0;
			};
		};
		46C5A15B2A321C920091B0EA /* XCRemoteSwiftPackageReference "Alamofire" */ = {
			isa = XCRemoteSwiftPackageReference;
			repositoryURL = "https://github.com/Alamofire/Alamofire.git";
			requirement = {
				kind = upToNextMajorVersion;
				minimumVersion = 5.0.0;
			};
		};
/* End XCRemoteSwiftPackageReference section */

/* Begin XCSwiftPackageProductDependency section */
		46C5A1552A3207770091B0EA /* SnapKit */ = {
			isa = XCSwiftPackageProductDependency;
			package = 46C5A1542A3207770091B0EA /* XCRemoteSwiftPackageReference "SnapKit" */;
			productName = SnapKit;
		};
		46C5A1582A3207C30091B0EA /* Kingfisher */ = {
			isa = XCSwiftPackageProductDependency;
			package = 46C5A1572A3207C30091B0EA /* XCRemoteSwiftPackageReference "Kingfisher" */;
			productName = Kingfisher;
		};
		46C5A15C2A321C920091B0EA /* Alamofire */ = {
			isa = XCSwiftPackageProductDependency;
			package = 46C5A15B2A321C920091B0EA /* XCRemoteSwiftPackageReference "Alamofire" */;
			productName = Alamofire;
		};
/* End XCSwiftPackageProductDependency section */

/* Begin XCVersionGroup section */
		4686DCA72A38C86B0033E23E /* FilmsCD.xcdatamodeld */ = {
			isa = XCVersionGroup;
			children = (
				4686DCA82A38C86B0033E23E /* FilmsCD.xcdatamodel */,
			);
			currentVersion = 4686DCA82A38C86B0033E23E /* FilmsCD.xcdatamodel */;
			path = FilmsCD.xcdatamodeld;
			sourceTree = "<group>";
			versionGroupType = wrapper.xcdatamodel;
		};
/* End XCVersionGroup section */
	};
	rootObject = 46C5A1232A2B252E0091B0EA /* Project object */;
}
